{
  "version": "5",
  "redirects": {
    "https://esm.sh/@supabase/supabase-js@2": "https://esm.sh/@supabase/supabase-js@2.89.0",
    "https://esm.sh/iceberg-js@^0.8.1?target=denonext": "https://esm.sh/iceberg-js@0.8.1?target=denonext"
  },
  "remote": {
    "https://esm.sh/@supabase/auth-js@2.89.0/denonext/auth-js.mjs": "7564602b661ea604c556b71402e3c7957d7c5be4785c1612765f1ce654d57b46",
    "https://esm.sh/@supabase/functions-js@2.89.0/denonext/functions-js.mjs": "ad96f85b7c776e988d2990d16a6c53e7996545dfe5b8559dbfb9927b793e608d",
    "https://esm.sh/@supabase/postgrest-js@2.89.0/denonext/postgrest-js.mjs": "ea872d4b524536fb76244c6760db6d21ad3862ca5640e9e45ccc8c94e6bd3c3b",
    "https://esm.sh/@supabase/realtime-js@2.89.0/denonext/realtime-js.mjs": "e98f81bcfb8fed536a7aeb67d8008c320f465c235107ac69f48dddd861ad2b4e",
    "https://esm.sh/@supabase/storage-js@2.89.0/denonext/storage-js.mjs": "4dbf4d7138af35a46733d2043e58d73c72e1a2dc40738a71f5ea98fb27a3ed55",
    "https://esm.sh/@supabase/supabase-js@2.89.0": "afc79f2684e433766a2e1b1dc84be3393c5982ad0368d9a9b0a6e567f4f0dee4",
    "https://esm.sh/@supabase/supabase-js@2.89.0/denonext/supabase-js.mjs": "0fd755a0eb58d38459cf3bfc839539eb4f93871c6662409e7e1ea922cd442159",
    "https://esm.sh/iceberg-js@0.8.1/denonext/iceberg-js.mjs": "d839d81a2e3966500ca2cdd0c1cb458e9608bacfc91f7bb67a69b2e878dcdb4f",
    "https://esm.sh/iceberg-js@0.8.1?target=denonext": "58c849d7fe2bf4eca4a84eb501e83c161a7d8c34ca1bec15a962b3bec3062633",
    "https://esm.sh/tslib@2.8.1/denonext/tslib.mjs": "ebce3cd5facb654623020337f867b426ba95f71596ba87acc9e6c6f4e55905ca"
  },
  "workspace": {
    "packageJson": {
      "dependencies": [
        "npm:@eslint/js@^9.21.0",
        "npm:@radix-ui/react-select@^2.2.6",
        "npm:@radix-ui/react-slider@^1.3.6",
        "npm:@radix-ui/react-switch@^1.2.6",
        "npm:@supabase/supabase-js@^2.89.0",
        "npm:@tailwindcss/postcss@^4.1.18",
        "npm:@tailwindcss/vite@^4.1.18",
        "npm:@testing-library/jest-dom@^6.8.0",
        "npm:@testing-library/react@^16.3.0",
        "npm:@testing-library/user-event@^14.6.1",
        "npm:@types/node@^24.3.0",
        "npm:@types/react-dom@^19.0.4",
        "npm:@types/react@^19.0.10",
        "npm:@vitejs/plugin-react@^5.1.2",
        "npm:autoprefixer@^10.4.21",
        "npm:clsx@^2.1.1",
        "npm:eslint-plugin-react-hooks@^5.2.0",
        "npm:eslint-plugin-react-refresh@~0.4.19",
        "npm:eslint-plugin-react@^7.37.4",
        "npm:eslint@^9.21.0",
        "npm:framer-motion@^12.23.26",
        "npm:globals@^15.15.0",
        "npm:jsdom@^26.1.0",
        "npm:lucide-react@0.562",
        "npm:next@^15.5.9",
        "npm:postcss@^8.5.6",
        "npm:react-dom@19",
        "npm:react@19",
        "npm:tailwind-merge@^3.4.0",
        "npm:tailwindcss@^4.1.12",
        "npm:typescript-eslint@^8.24.1",
        "npm:typescript@~5.7.2",
        "npm:vite@^7.3.0",
        "npm:vitest@^3.2.4"
      ]
    }
  }
}
